
Microsoft Visual Studio Solution File, Format Version 9.00
# Visual Studio 2005
Project("{8BC9CEB8-8B4A-11D0-8D11-00A0C91BC942}") = "TMRF_FirmwareEncoder", "TMRF_FirmwareEncoder\TMRF_FirmwareEncoder.vcproj", "{6710708A-D322-4969-BEE5-F852DC10B656}"
EndProject
Global
	GlobalSection(SolutionConfigurationPlatforms) = preSolution
		Debug|Win32 = Debug|Win32
		Release|Win32 = Release|Win32
	EndGlobalSection
	GlobalSection(ProjectConfigurationPlatforms) = postSolution
		{6710708A-D322-4969-BEE5-F852DC10B656}.Debug|Win32.ActiveCfg = Debug|Win32
		{6710708A-D322-4969-BEE5-F852DC10B656}.Debug|Win32.Build.0 = Debug|Win32
		{6710708A-D322-4969-BEE5-F852DC10B656}.Release|Win32.ActiveCfg = Release|Win32
		{6710708A-D322-4969-BEE5-F852DC10B656}.Release|Win32.Build.0 = Release|Win32
	EndGlobalSection
	GlobalSection(SolutionProperties) = preSolution
		HideSolutionNode = FALSE
	EndGlobalSection
EndGlobal
